
Microsoft Visual Studio Solution File, Format Version 12.00
# Visual Studio Version 17
VisualStudioVersion = 17.0.32014.148
MinimumVisualStudioVersion = 10.0.40219.1
Project("{FAE04EC0-301F-11D3-BF4B-00C04F79EFBC}") = "CSharp", "CSharp\CSharp.csproj", "{756E5EA6-DF8A-4861-8AE2-5A480293D857}"
EndProject
Global
	GlobalSection(SolutionConfigurationPlatforms) = preSolution
		Debug|Any CPU = Debug|Any CPU
		Release|Any CPU = Release|Any CPU
	EndGlobalSection
	GlobalSection(ProjectConfigurationPlatforms) = postSolution
		{756E5EA6-DF8A-4861-8AE2-5A480293D857}.Debug|Any CPU.ActiveCfg = Debug|Any CPU
		{756E5EA6-DF8A-4861-8AE2-5A480293D857}.Debug|Any CPU.Build.0 = Debug|Any CPU
		{756E5EA6-DF8A-4861-8AE2-5A480293D857}.Release|Any CPU.ActiveCfg = Release|Any CPU
		{756E5EA6-DF8A-4861-8AE2-5A480293D857}.Release|Any CPU.Build.0 = Release|Any CPU
	EndGlobalSection
	GlobalSection(SolutionProperties) = preSolution
		HideSolutionNode = FALSE
	EndGlobalSection
	GlobalSection(ExtensibilityGlobals) = postSolution
		SolutionGuid = {C6E0E0ED-A2E4-40A3-B31C-B38EE7F734B5}
	EndGlobalSection
EndGlobal
